
Microsoft Visual Studio Solution File, Format Version 12.00
# Visual Studio Version 17
VisualStudioVersion = 17.10.35013.160
MinimumVisualStudioVersion = 10.0.40219.1
Project("{FAE04EC0-301F-11D3-BF4B-00C04F79EFBC}") = "Decorator", "Decorator\Decorator.csproj", "{D40D06B0-CC8F-4693-9ABD-886AFDB94A76}"
EndProject
Global
	GlobalSection(SolutionConfigurationPlatforms) = preSolution
		Debug|Any CPU = Debug|Any CPU
		Release|Any CPU = Release|Any CPU
	EndGlobalSection
	GlobalSection(ProjectConfigurationPlatforms) = postSolution
		{D40D06B0-CC8F-4693-9ABD-886AFDB94A76}.Debug|Any CPU.ActiveCfg = Debug|Any CPU
		{D40D06B0-CC8F-4693-9ABD-886AFDB94A76}.Debug|Any CPU.Build.0 = Debug|Any CPU
		{D40D06B0-CC8F-4693-9ABD-886AFDB94A76}.Release|Any CPU.ActiveCfg = Release|Any CPU
		{D40D06B0-CC8F-4693-9ABD-886AFDB94A76}.Release|Any CPU.Build.0 = Release|Any CPU
	EndGlobalSection
	GlobalSection(SolutionProperties) = preSolution
		HideSolutionNode = FALSE
	EndGlobalSection
	GlobalSection(ExtensibilityGlobals) = postSolution
		SolutionGuid = {F1668FF2-CF22-4468-B334-43DDFD521447}
	EndGlobalSection
EndGlobal
